
Microsoft Visual Studio Solution File, Format Version 12.00
# Visual Studio Version 17
VisualStudioVersion = 17.0.31903.59
MinimumVisualStudioVersion = 10.0.40219.1
Project("{FAE04EC0-301F-11D3-BF4B-00C04F79EFBC}") = "TaskTracker.Tests", "TaskTracker.Tests\TaskTracker.Tests.csproj", "{F6498C2F-D21B-4C85-BC4A-E46FB5906DF4}"
EndProject
Project("{FAE04EC0-301F-11D3-BF4B-00C04F79EFBC}") = "TaskTracker", "TaskTracker\TaskTracker.csproj", "{2E4D0B4F-9746-43EF-A226-81C41CF251A0}"
EndProject
Global
	GlobalSection(SolutionConfigurationPlatforms) = preSolution
		Debug|Any CPU = Debug|Any CPU
		Release|Any CPU = Release|Any CPU
	EndGlobalSection
	GlobalSection(SolutionProperties) = preSolution
		HideSolutionNode = FALSE
	EndGlobalSection
	GlobalSection(ProjectConfigurationPlatforms) = postSolution
		{F6498C2F-D21B-4C85-BC4A-E46FB5906DF4}.Debug|Any CPU.ActiveCfg = Debug|Any CPU
		{F6498C2F-D21B-4C85-BC4A-E46FB5906DF4}.Debug|Any CPU.Build.0 = Debug|Any CPU
		{F6498C2F-D21B-4C85-BC4A-E46FB5906DF4}.Release|Any CPU.ActiveCfg = Release|Any CPU
		{F6498C2F-D21B-4C85-BC4A-E46FB5906DF4}.Release|Any CPU.Build.0 = Release|Any CPU
		{2E4D0B4F-9746-43EF-A226-81C41CF251A0}.Debug|Any CPU.ActiveCfg = Debug|Any CPU
		{2E4D0B4F-9746-43EF-A226-81C41CF251A0}.Debug|Any CPU.Build.0 = Debug|Any CPU
		{2E4D0B4F-9746-43EF-A226-81C41CF251A0}.Release|Any CPU.ActiveCfg = Release|Any CPU
		{2E4D0B4F-9746-43EF-A226-81C41CF251A0}.Release|Any CPU.Build.0 = Release|Any CPU
	EndGlobalSection
EndGlobal
